
Microsoft Visual Studio Solution File, Format Version 12.00
# Visual Studio Version 17
VisualStudioVersion = 17.9.34622.214
MinimumVisualStudioVersion = 10.0.40219.1
Project("{FAE04EC0-301F-11D3-BF4B-00C04F79EFBC}") = "module_4_homework", "module_4_homework\module_4_homework.csproj", "{351882DB-7421-4AC5-A60A-CA9572497172}"
EndProject
Global
	GlobalSection(SolutionConfigurationPlatforms) = preSolution
		Debug|Any CPU = Debug|Any CPU
		Release|Any CPU = Release|Any CPU
	EndGlobalSection
	GlobalSection(ProjectConfigurationPlatforms) = postSolution
		{351882DB-7421-4AC5-A60A-CA9572497172}.Debug|Any CPU.ActiveCfg = Debug|Any CPU
		{351882DB-7421-4AC5-A60A-CA9572497172}.Debug|Any CPU.Build.0 = Debug|Any CPU
		{351882DB-7421-4AC5-A60A-CA9572497172}.Release|Any CPU.ActiveCfg = Release|Any CPU
		{351882DB-7421-4AC5-A60A-CA9572497172}.Release|Any CPU.Build.0 = Release|Any CPU
	EndGlobalSection
	GlobalSection(SolutionProperties) = preSolution
		HideSolutionNode = FALSE
	EndGlobalSection
	GlobalSection(ExtensibilityGlobals) = postSolution
		SolutionGuid = {8E575835-118E-49E5-9273-3EB563B7E289}
	EndGlobalSection
EndGlobal
